// !$*UTF8*$!
{
	archiveVersion = 1;
	classes = {
	};
	objectVersion = 50;
	objects = {

/* Begin PBXBuildFile section */
		BB5B6FF92166B1D600C3B1AD /* SelectedTreeViewController.swift in Sources */ = {isa = PBXBuildFile; fileRef = BB5B6FF82166B1D600C3B1AD /* SelectedTreeViewController.swift */; };
		BB708F4F211338E3004A79F6 /* AppDelegate.swift in Sources */ = {isa = PBXBuildFile; fileRef = BB708F4E211338E3004A79F6 /* AppDelegate.swift */; };
		BB708F51211338E3004A79F6 /* MainPageViewController.swift in Sources */ = {isa = PBXBuildFile; fileRef = BB708F50211338E3004A79F6 /* MainPageViewController.swift */; };
		BB708F54211338E3004A79F6 /* Main.storyboard in Resources */ = {isa = PBXBuildFile; fileRef = BB708F52211338E3004A79F6 /* Main.storyboard */; };
		BB708F56211338E4004A79F6 /* Assets.xcassets in Resources */ = {isa = PBXBuildFile; fileRef = BB708F55211338E4004A79F6 /* Assets.xcassets */; };
		BB708F59211338E4004A79F6 /* LaunchScreen.storyboard in Resources */ = {isa = PBXBuildFile; fileRef = BB708F57211338E4004A79F6 /* LaunchScreen.storyboard */; };
		BB948EDA2143BD15007E9568 /* MapViewController.swift in Sources */ = {isa = PBXBuildFile; fileRef = BB948ED92143BD15007E9568 /* MapViewController.swift */; };
		BB948EDD2143BD7E007E9568 /* BookViewController.swift in Sources */ = {isa = PBXBuildFile; fileRef = BB948EDC2143BD7E007E9568 /* BookViewController.swift */; };
		BBE060B02119C25300A52347 /* CameraViewController.swift in Sources */ = {isa = PBXBuildFile; fileRef = BBE060AF2119C25300A52347 /* CameraViewController.swift */; };
		BBF6062E2142CC9C00C940F7 /* TreeModel.swift in Sources */ = {isa = PBXBuildFile; fileRef = BBF6062D2142CC9C00C940F7 /* TreeModel.swift */; };
/* End PBXBuildFile section */

/* Begin PBXFileReference section */
		BB5B6FF82166B1D600C3B1AD /* SelectedTreeViewController.swift */ = {isa = PBXFileReference; lastKnownFileType = sourcecode.swift; path = SelectedTreeViewController.swift; sourceTree = "<group>"; };
		BB708F4B211338E3004A79F6 /* TreeLibrary.app */ = {isa = PBXFileReference; explicitFileType = wrapper.application; includeInIndex = 0; path = TreeLibrary.app; sourceTree = BUILT_PRODUCTS_DIR; };
		BB708F4E211338E3004A79F6 /* AppDelegate.swift */ = {isa = PBXFileReference; lastKnownFileType = sourcecode.swift; path = AppDelegate.swift; sourceTree = "<group>"; };
		BB708F50211338E3004A79F6 /* MainPageViewController.swift */ = {isa = PBXFileReference; lastKnownFileType = sourcecode.swift; path = MainPageViewController.swift; sourceTree = "<group>"; };
		BB708F53211338E3004A79F6 /* Base */ = {isa = PBXFileReference; lastKnownFileType = file.storyboard; name = Base; path = Base.lproj/Main.storyboard; sourceTree = "<group>"; };
		BB708F55211338E4004A79F6 /* Assets.xcassets */ = {isa = PBXFileReference; lastKnownFileType = folder.assetcatalog; path = Assets.xcassets; sourceTree = "<group>"; };
		BB708F58211338E4004A79F6 /* Base */ = {isa = PBXFileReference; lastKnownFileType = file.storyboard; name = Base; path = Base.lproj/LaunchScreen.storyboard; sourceTree = "<group>"; };
		BB708F5A211338E4004A79F6 /* Info.plist */ = {isa = PBXFileReference; lastKnownFileType = text.plist.xml; path = Info.plist; sourceTree = "<group>"; };
		BB948ED92143BD15007E9568 /* MapViewController.swift */ = {isa = PBXFileReference; lastKnownFileType = sourcecode.swift; path = MapViewController.swift; sourceTree = "<group>"; };
		BB948EDC2143BD7E007E9568 /* BookViewController.swift */ = {isa = PBXFileReference; lastKnownFileType = sourcecode.swift; path = BookViewController.swift; sourceTree = "<group>"; };
		BBE060AF2119C25300A52347 /* CameraViewController.swift */ = {isa = PBXFileReference; lastKnownFileType = sourcecode.swift; path = CameraViewController.swift; sourceTree = "<group>"; };
		BBF6062D2142CC9C00C940F7 /* TreeModel.swift */ = {isa = PBXFileReference; lastKnownFileType = sourcecode.swift; path = TreeModel.swift; sourceTree = "<group>"; };
/* End PBXFileReference section */

/* Begin PBXFrameworksBuildPhase section */
		BB708F48211338E3004A79F6 /* Frameworks */ = {
			isa = PBXFrameworksBuildPhase;
			buildActionMask = 2147483647;
			files = (
			);
			runOnlyForDeploymentPostprocessing = 0;
		};
/* End PBXFrameworksBuildPhase section */

/* Begin PBXGroup section */
		BB708F42211338E3004A79F6 = {
			isa = PBXGroup;
			children = (
				BB708F4D211338E3004A79F6 /* TreeLibrary */,
				BB708F4C211338E3004A79F6 /* Products */,
			);
			sourceTree = "<group>";
		};
		BB708F4C211338E3004A79F6 /* Products */ = {
			isa = PBXGroup;
			children = (
				BB708F4B211338E3004A79F6 /* TreeLibrary.app */,
			);
			name = Products;
			sourceTree = "<group>";
		};
		BB708F4D211338E3004A79F6 /* TreeLibrary */ = {
			isa = PBXGroup;
			children = (
				BB96EDC92118728500C10606 /* Controller */,
				BB96EDC82118728100C10606 /* View */,
				BB96EDC72118727B00C10606 /* Model */,
				BB708F55211338E4004A79F6 /* Assets.xcassets */,
				BB708F5A211338E4004A79F6 /* Info.plist */,
			);
			path = TreeLibrary;
			sourceTree = "<group>";
		};
		BB96EDC72118727B00C10606 /* Model */ = {
			isa = PBXGroup;
			children = (
				BBF6062D2142CC9C00C940F7 /* TreeModel.swift */,
			);
			path = Model;
			sourceTree = "<group>";
		};
		BB96EDC82118728100C10606 /* View */ = {
			isa = PBXGroup;
			children = (
				BB708F52211338E3004A79F6 /* Main.storyboard */,
				BB708F57211338E4004A79F6 /* LaunchScreen.storyboard */,
			);
			path = View;
			sourceTree = "<group>";
		};
		BB96EDC92118728500C10606 /* Controller */ = {
			isa = PBXGroup;
			children = (
				BB708F4E211338E3004A79F6 /* AppDelegate.swift */,
				BB708F50211338E3004A79F6 /* MainPageViewController.swift */,
				BBE060AF2119C25300A52347 /* CameraViewController.swift */,
				BB948ED92143BD15007E9568 /* MapViewController.swift */,
				BB948EDC2143BD7E007E9568 /* BookViewController.swift */,
				BB5B6FF82166B1D600C3B1AD /* SelectedTreeViewController.swift */,
			);
			path = Controller;
			sourceTree = "<group>";
		};
/* End PBXGroup section */

/* Begin PBXNativeTarget section */
		BB708F4A211338E3004A79F6 /* TreeLibrary */ = {
			isa = PBXNativeTarget;
			buildConfigurationList = BB708F5D211338E4004A79F6 /* Build configuration list for PBXNativeTarget "TreeLibrary" */;
			buildPhases = (
				BB708F47211338E3004A79F6 /* Sources */,
				BB708F48211338E3004A79F6 /* Frameworks */,
				BB708F49211338E3004A79F6 /* Resources */,
			);
			buildRules = (
			);
			dependencies = (
			);
			name = TreeLibrary;
			productName = TreeLibrary;
			productReference = BB708F4B211338E3004A79F6 /* TreeLibrary.app */;
			productType = "com.apple.product-type.application";
		};
/* End PBXNativeTarget section */

/* Begin PBXProject section */
		BB708F43211338E3004A79F6 /* Project object */ = {
			isa = PBXProject;
			attributes = {
				LastSwiftUpdateCheck = 0940;
				LastUpgradeCheck = 0940;
				ORGANIZATIONNAME = "Mertalp Taşdelen";
				TargetAttributes = {
					BB708F4A211338E3004A79F6 = {
						CreatedOnToolsVersion = 9.4.1;
						LastSwiftMigration = 1000;
					};
				};
			};
			buildConfigurationList = BB708F46211338E3004A79F6 /* Build configuration list for PBXProject "TreeLibrary" */;
			compatibilityVersion = "Xcode 9.3";
			developmentRegion = en;
			hasScannedForEncodings = 0;
			knownRegions = (
				en,
				Base,
			);
			mainGroup = BB708F42211338E3004A79F6;
			productRefGroup = BB708F4C211338E3004A79F6 /* Products */;
			projectDirPath = "";
			projectRoot = "";
			targets = (
				BB708F4A211338E3004A79F6 /* TreeLibrary */,
			);
		};
/* End PBXProject section */

/* Begin PBXResourcesBuildPhase section */
		BB708F49211338E3004A79F6 /* Resources */ = {
			isa = PBXResourcesBuildPhase;
			buildActionMask = 2147483647;
			files = (
				BB708F59211338E4004A79F6 /* LaunchScreen.storyboard in Resources */,
				BB708F56211338E4004A79F6 /* Assets.xcassets in Resources */,
				BB708F54211338E3004A79F6 /* Main.storyboard in Resources */,
			);
			runOnlyForDeploymentPostprocessing = 0;
		};
/* End PBXResourcesBuildPhase section */

/* Begin PBXSourcesBuildPhase section */
		BB708F47211338E3004A79F6 /* Sources */ = {
			isa = PBXSourcesBuildPhase;
			buildActionMask = 2147483647;
			files = (
				BB708F51211338E3004A79F6 /* MainPageViewController.swift in Sources */,
				BBF6062E2142CC9C00C940F7 /* TreeModel.swift in Sources */,
				BB708F4F211338E3004A79F6 /* AppDelegate.swift in Sources */,
				BB948EDD2143BD7E007E9568 /* BookViewController.swift in Sources */,
				BB948EDA2143BD15007E9568 /* MapViewController.swift in Sources */,
				BBE060B02119C25300A52347 /* CameraViewController.swift in Sources */,
				BB5B6FF92166B1D600C3B1AD /* SelectedTreeViewController.swift in Sources */,
			);
			runOnlyForDeploymentPostprocessing = 0;
		};
/* End PBXSourcesBuildPhase section */

/* Begin PBXVariantGroup section */
		BB708F52211338E3004A79F6 /* Main.storyboard */ = {
			isa = PBXVariantGroup;
			children = (
				BB708F53211338E3004A79F6 /* Base */,
			);
			name = Main.storyboard;
			sourceTree = "<group>";
		};
		BB708F57211338E4004A79F6 /* LaunchScreen.storyboard */ = {
			isa = PBXVariantGroup;
			children = (
				BB708F58211338E4004A79F6 /* Base */,
			);
			name = LaunchScreen.storyboard;
			sourceTree = "<group>";
		};
/* End PBXVariantGroup section */

/* Begin XCBuildConfiguration section */
		BB708F5B211338E4004A79F6 /* Debug */ = {
			isa = XCBuildConfiguration;
			buildSettings = {
				ALWAYS_SEARCH_USER_PATHS = NO;
				CLANG_ANALYZER_NONNULL = YES;
				CLANG_ANALYZER_NUMBER_OBJECT_CONVERSION = YES_AGGRESSIVE;
				CLANG_CXX_LANGUAGE_STANDARD = "gnu++14";
				CLANG_CXX_LIBRARY = "libc++";
				CLANG_ENABLE_MODULES = YES;
				CLANG_ENABLE_OBJC_ARC = YES;
				CLANG_ENABLE_OBJC_WEAK = YES;
				CLANG_WARN_BLOCK_CAPTURE_AUTORELEASING = YES;
				CLANG_WARN_BOOL_CONVERSION = YES;
				CLANG_WARN_COMMA = YES;
				CLANG_WARN_CONSTANT_CONVERSION = YES;
				CLANG_WARN_DEPRECATED_OBJC_IMPLEMENTATIONS = YES;
				CLANG_WARN_DIRECT_OBJC_ISA_USAGE = YES_ERROR;
				CLANG_WARN_DOCUMENTATION_COMMENTS = YES;
				CLANG_WARN_EMPTY_BODY = YES;
				CLANG_WARN_ENUM_CONVERSION = YES;
				CLANG_WARN_INFINITE_RECURSION = YES;
				CLANG_WARN_INT_CONVERSION = YES;
				CLANG_WARN_NON_LITERAL_NULL_CONVERSION = YES;
				CLANG_WARN_OBJC_IMPLICIT_RETAIN_SELF = YES;
				CLANG_WARN_OBJC_LITERAL_CONVERSION = YES;
				CLANG_WARN_OBJC_ROOT_CLASS = YES_ERROR;
				CLANG_WARN_RANGE_LOOP_ANALYSIS = YES;
				CLANG_WARN_STRICT_PROTOTYPES = YES;
				CLANG_WARN_SUSPICIOUS_MOVE = YES;
				CLANG_WARN_UNGUARDED_AVAILABILITY = YES_AGGRESSIVE;
				CLANG_WARN_UNREACHABLE_CODE = YES;
				CLANG_WARN__DUPLICATE_METHOD_MATCH = YES;
				CODE_SIGN_IDENTITY = "iPhone Developer";
				COPY_PHASE_STRIP = NO;
				DEBUG_INFORMATION_FORMAT = dwarf;
				ENABLE_STRICT_OBJC_MSGSEND = YES;
				ENABLE_TESTABILITY = YES;
				GCC_C_LANGUAGE_STANDARD = gnu11;
				GCC_DYNAMIC_NO_PIC = NO;
				GCC_NO_COMMON_BLOCKS = YES;
				GCC_OPTIMIZATION_LEVEL = 0;
				GCC_PREPROCESSOR_DEFINITIONS = (
					"DEBUG=1",
					"$(inherited)",
				);
				GCC_WARN_64_TO_32_BIT_CONVERSION = YES;
				GCC_WARN_ABOUT_RETURN_TYPE = YES_ERROR;
				GCC_WARN_UNDECLARED_SELECTOR = YES;
				GCC_WARN_UNINITIALIZED_AUTOS = YES_AGGRESSIVE;
				GCC_WARN_UNUSED_FUNCTION = YES;
				GCC_WARN_UNUSED_VARIABLE = YES;
				IPHONEOS_DEPLOYMENT_TARGET = 11.4;
				MTL_ENABLE_DEBUG_INFO = YES;
				ONLY_ACTIVE_ARCH = YES;
				SDKROOT = iphoneos;
				SWIFT_ACTIVE_COMPILATION_CONDITIONS = DEBUG;
				SWIFT_OPTIMIZATION_LEVEL = "-Onone";
			};
			name = Debug;
		};
		BB708F5C211338E4004A79F6 /* Release */ = {
			isa = XCBuildConfiguration;
			buildSettings = {
				ALWAYS_SEARCH_USER_PATHS = NO;
				CLANG_ANALYZER_NONNULL = YES;
				CLANG_ANALYZER_NUMBER_OBJECT_CONVERSION = YES_AGGRESSIVE;
				CLANG_CXX_LANGUAGE_STANDARD = "gnu++14";
				CLANG_CXX_LIBRARY = "libc++";
				CLANG_ENABLE_MODULES = YES;
				CLANG_ENABLE_OBJC_ARC = YES;
				CLANG_ENABLE_OBJC_WEAK = YES;
				CLANG_WARN_BLOCK_CAPTURE_AUTORELEASING = YES;
				CLANG_WARN_BOOL_CONVERSION = YES;
				CLANG_WARN_COMMA = YES;
				CLANG_WARN_CONSTANT_CONVERSION = YES;
				CLANG_WARN_DEPRECATED_OBJC_IMPLEMENTATIONS = YES;
				CLANG_WARN_DIRECT_OBJC_ISA_USAGE = YES_ERROR;
				CLANG_WARN_DOCUMENTATION_COMMENTS = YES;
				CLANG_WARN_EMPTY_BODY = YES;
				CLANG_WARN_ENUM_CONVERSION = YES;
				CLANG_WARN_INFINITE_RECURSION = YES;
				CLANG_WARN_INT_CONVERSION = YES;
				CLANG_WARN_NON_LITERAL_NULL_CONVERSION = YES;
				CLANG_WARN_OBJC_IMPLICIT_RETAIN_SELF = YES;
				CLANG_WARN_OBJC_LITERAL_CONVERSION = YES;
				CLANG_WARN_OBJC_ROOT_CLASS = YES_ERROR;
				CLANG_WARN_RANGE_LOOP_ANALYSIS = YES;
				CLANG_WARN_STRICT_PROTOTYPES = YES;
				CLANG_WARN_SUSPICIOUS_MOVE = YES;
				CLANG_WARN_UNGUARDED_AVAILABILITY = YES_AGGRESSIVE;
				CLANG_WARN_UNREACHABLE_CODE = YES;
				CLANG_WARN__DUPLICATE_METHOD_MATCH = YES;
				CODE_SIGN_IDENTITY = "iPhone Developer";
				COPY_PHASE_STRIP = NO;
				DEBUG_INFORMATION_FORMAT = "dwarf-with-dsym";
				ENABLE_NS_ASSERTIONS = NO;
				ENABLE_STRICT_OBJC_MSGSEND = YES;
				GCC_C_LANGUAGE_STANDARD = gnu11;
				GCC_NO_COMMON_BLOCKS = YES;
				GCC_WARN_64_TO_32_BIT_CONVERSION = YES;
				GCC_WARN_ABOUT_RETURN_TYPE = YES_ERROR;
				GCC_WARN_UNDECLARED_SELECTOR = YES;
				GCC_WARN_UNINITIALIZED_AUTOS = YES_AGGRESSIVE;
				GCC_WARN_UNUSED_FUNCTION = YES;
				GCC_WARN_UNUSED_VARIABLE = YES;
				IPHONEOS_DEPLOYMENT_TARGET = 11.4;
				MTL_ENABLE_DEBUG_INFO = NO;
				SDKROOT = iphoneos;
				SWIFT_COMPILATION_MODE = wholemodule;
				SWIFT_OPTIMIZATION_LEVEL = "-O";
				VALIDATE_PRODUCT = YES;
			};
			name = Release;
		};
		BB708F5E211338E4004A79F6 /* Debug */ = {
			isa = XCBuildConfiguration;
			buildSettings = {
				ASSETCATALOG_COMPILER_APPICON_NAME = AppIcon;
				CODE_SIGN_STYLE = Automatic;
				DEVELOPMENT_TEAM = J93C36GZ6U;
				INFOPLIST_FILE = TreeLibrary/Info.plist;
				IPHONEOS_DEPLOYMENT_TARGET = 11.0;
				LD_RUNPATH_SEARCH_PATHS = (
					"$(inherited)",
					"@executable_path/Frameworks",
				);
				PRODUCT_BUNDLE_IDENTIFIER = com.12ceyrek.TreeLibrary;
				PRODUCT_NAME = "$(TARGET_NAME)";
				SWIFT_VERSION = 4.2;
				TARGETED_DEVICE_FAMILY = 1;
			};
			name = Debug;
		};
		BB708F5F211338E4004A79F6 /* Release */ = {
			isa = XCBuildConfiguration;
			buildSettings = {
				ASSETCATALOG_COMPILER_APPICON_NAME = AppIcon;
				CODE_SIGN_STYLE = Automatic;
				DEVELOPMENT_TEAM = J93C36GZ6U;
				INFOPLIST_FILE = TreeLibrary/Info.plist;
				IPHONEOS_DEPLOYMENT_TARGET = 11.0;
				LD_RUNPATH_SEARCH_PATHS = (
					"$(inherited)",
					"@executable_path/Frameworks",
				);
				PRODUCT_BUNDLE_IDENTIFIER = com.12ceyrek.TreeLibrary;
				PRODUCT_NAME = "$(TARGET_NAME)";
				SWIFT_VERSION = 4.2;
				TARGETED_DEVICE_FAMILY = 1;
			};
			name = Release;
		};
/* End XCBuildConfiguration section */

/* Begin XCConfigurationList section */
		BB708F46211338E3004A79F6 /* Build configuration list for PBXProject "TreeLibrary" */ = {
			isa = XCConfigurationList;
			buildConfigurations = (
				BB708F5B211338E4004A79F6 /* Debug */,
				BB708F5C211338E4004A79F6 /* Release */,
			);
			defaultConfigurationIsVisible = 0;
			defaultConfigurationName = Release;
		};
		BB708F5D211338E4004A79F6 /* Build configuration list for PBXNativeTarget "TreeLibrary" */ = {
			isa = XCConfigurationList;
			buildConfigurations = (
				BB708F5E211338E4004A79F6 /* Debug */,
				BB708F5F211338E4004A79F6 /* Release */,
			);
			defaultConfigurationIsVisible = 0;
			defaultConfigurationName = Release;
		};
/* End XCConfigurationList section */
	};
	rootObject = BB708F43211338E3004A79F6 /* Project object */;
}
